
Microsoft Visual Studio Solution File, Format Version 12.00
# Visual Studio Version 16
VisualStudioVersion = 25.0.1703.0
MinimumVisualStudioVersion = 10.0.40219.1
Project("{FAE04EC0-301F-11D3-BF4B-00C04F79EFBC}") = "WorkerService", "WorkerService\WorkerService.csproj", "{3980592E-2EE2-4DE3-A0D0-997B99DC0EBC}"
EndProject
Global
	GlobalSection(SolutionConfigurationPlatforms) = preSolution
		Debug|Any CPU = Debug|Any CPU
		Release|Any CPU = Release|Any CPU
	EndGlobalSection
	GlobalSection(ProjectConfigurationPlatforms) = postSolution
		{3980592E-2EE2-4DE3-A0D0-997B99DC0EBC}.Debug|Any CPU.ActiveCfg = Debug|Any CPU
		{3980592E-2EE2-4DE3-A0D0-997B99DC0EBC}.Debug|Any CPU.Build.0 = Debug|Any CPU
		{3980592E-2EE2-4DE3-A0D0-997B99DC0EBC}.Release|Any CPU.ActiveCfg = Release|Any CPU
		{3980592E-2EE2-4DE3-A0D0-997B99DC0EBC}.Release|Any CPU.Build.0 = Release|Any CPU
	EndGlobalSection
	GlobalSection(SolutionProperties) = preSolution
		HideSolutionNode = FALSE
	EndGlobalSection
	GlobalSection(ExtensibilityGlobals) = postSolution
		SolutionGuid = {97939862-C64B-467A-808F-627066BA459C}
	EndGlobalSection
EndGlobal
